// !$*UTF8*$!
{
	archiveVersion = 1;
	classes = {
	};
	objectVersion = 48;
	objects = {

/* Begin PBXBuildFile section */
		ED40338020676FC4006CEBE7 /* AppDelegate.swift in Sources */ = {isa = PBXBuildFile; fileRef = ED40337F20676FC4006CEBE7 /* AppDelegate.swift */; };
		ED40338220676FC5006CEBE7 /* ViewController.swift in Sources */ = {isa = PBXBuildFile; fileRef = ED40338120676FC4006CEBE7 /* ViewController.swift */; };
		ED40338520676FC6006CEBE7 /* Main.storyboard in Resources */ = {isa = PBXBuildFile; fileRef = ED40338320676FC6006CEBE7 /* Main.storyboard */; };
		ED40338820676FE0006CEBE7 /* Life_Balance.xcdatamodeld in Sources */ = {isa = PBXBuildFile; fileRef = ED40338620676FD7006CEBE7 /* Life_Balance.xcdatamodeld */; };
		ED40338A20676FE5006CEBE7 /* Assets.xcassets in Resources */ = {isa = PBXBuildFile; fileRef = ED40338920676FE4006CEBE7 /* Assets.xcassets */; };
		ED40338D20676FE7006CEBE7 /* LaunchScreen.storyboard in Resources */ = {isa = PBXBuildFile; fileRef = ED40338B20676FE7006CEBE7 /* LaunchScreen.storyboard */; };
		ED40339820676FF2006CEBE7 /* Life_BalanceTests.swift in Sources */ = {isa = PBXBuildFile; fileRef = ED40339720676FF2006CEBE7 /* Life_BalanceTests.swift */; };
		ED4033A320676FF6006CEBE7 /* Life_BalanceUITests.swift in Sources */ = {isa = PBXBuildFile; fileRef = ED4033A220676FF6006CEBE7 /* Life_BalanceUITests.swift */; };
		ED4033B120678767006CEBE7 /* TableViewController.swift in Sources */ = {isa = PBXBuildFile; fileRef = ED4033B020678767006CEBE7 /* TableViewController.swift */; };
/* End PBXBuildFile section */

/* Begin PBXContainerItemProxy section */
		ED40339420676FF0006CEBE7 /* PBXContainerItemProxy */ = {
			isa = PBXContainerItemProxy;
			containerPortal = ED40337420676FA3006CEBE7 /* Project object */;
			proxyType = 1;
			remoteGlobalIDString = ED40337B20676FBA006CEBE7;
			remoteInfo = "Life Balance";
		};
		ED40339F20676FF4006CEBE7 /* PBXContainerItemProxy */ = {
			isa = PBXContainerItemProxy;
			containerPortal = ED40337420676FA3006CEBE7 /* Project object */;
			proxyType = 1;
			remoteGlobalIDString = ED40337B20676FBA006CEBE7;
			remoteInfo = "Life Balance";
		};
/* End PBXContainerItemProxy section */

/* Begin PBXFileReference section */
		ED40337C20676FBD006CEBE7 /* Life Balance.app */ = {isa = PBXFileReference; explicitFileType = wrapper.application; includeInIndex = 0; path = "Life Balance.app"; sourceTree = BUILT_PRODUCTS_DIR; };
		ED40337F20676FC4006CEBE7 /* AppDelegate.swift */ = {isa = PBXFileReference; lastKnownFileType = sourcecode.swift; path = AppDelegate.swift; sourceTree = "<group>"; };
		ED40338120676FC4006CEBE7 /* ViewController.swift */ = {isa = PBXFileReference; lastKnownFileType = sourcecode.swift; path = ViewController.swift; sourceTree = "<group>"; };
		ED40338420676FC6006CEBE7 /* Base */ = {isa = PBXFileReference; lastKnownFileType = file.storyboard; name = Base; path = Base.lproj/Main.storyboard; sourceTree = "<group>"; };
		ED40338720676FD8006CEBE7 /* Life_Balance.xcdatamodel */ = {isa = PBXFileReference; lastKnownFileType = wrapper.xcdatamodel; path = Life_Balance.xcdatamodel; sourceTree = "<group>"; };
		ED40338920676FE4006CEBE7 /* Assets.xcassets */ = {isa = PBXFileReference; lastKnownFileType = folder.assetcatalog; path = Assets.xcassets; sourceTree = "<group>"; };
		ED40338C20676FE7006CEBE7 /* Base */ = {isa = PBXFileReference; lastKnownFileType = file.storyboard; name = Base; path = Base.lproj/LaunchScreen.storyboard; sourceTree = "<group>"; };
		ED40338E20676FEC006CEBE7 /* Info.plist */ = {isa = PBXFileReference; lastKnownFileType = text.plist.xml; path = Info.plist; sourceTree = "<group>"; };
		ED40339320676FF0006CEBE7 /* Life BalanceTests.xctest */ = {isa = PBXFileReference; explicitFileType = wrapper.cfbundle; includeInIndex = 0; path = "Life BalanceTests.xctest"; sourceTree = BUILT_PRODUCTS_DIR; };
		ED40339720676FF2006CEBE7 /* Life_BalanceTests.swift */ = {isa = PBXFileReference; lastKnownFileType = sourcecode.swift; path = Life_BalanceTests.swift; sourceTree = "<group>"; };
		ED40339920676FF4006CEBE7 /* Info.plist */ = {isa = PBXFileReference; lastKnownFileType = text.plist.xml; path = Info.plist; sourceTree = "<group>"; };
		ED40339E20676FF4006CEBE7 /* Life BalanceUITests.xctest */ = {isa = PBXFileReference; explicitFileType = wrapper.cfbundle; includeInIndex = 0; path = "Life BalanceUITests.xctest"; sourceTree = BUILT_PRODUCTS_DIR; };
		ED4033A220676FF6006CEBE7 /* Life_BalanceUITests.swift */ = {isa = PBXFileReference; lastKnownFileType = sourcecode.swift; path = Life_BalanceUITests.swift; sourceTree = "<group>"; };
		ED4033A420676FF7006CEBE7 /* Info.plist */ = {isa = PBXFileReference; lastKnownFileType = text.plist.xml; path = Info.plist; sourceTree = "<group>"; };
		ED4033B020678767006CEBE7 /* TableViewController.swift */ = {isa = PBXFileReference; lastKnownFileType = sourcecode.swift; path = TableViewController.swift; sourceTree = "<group>"; };
/* End PBXFileReference section */

/* Begin PBXFrameworksBuildPhase section */
		ED40337920676FBA006CEBE7 /* Frameworks */ = {
			isa = PBXFrameworksBuildPhase;
			buildActionMask = 2147483647;
			files = (
			);
			runOnlyForDeploymentPostprocessing = 0;
		};
		ED40339020676FF0006CEBE7 /* Frameworks */ = {
			isa = PBXFrameworksBuildPhase;
			buildActionMask = 2147483647;
			files = (
			);
			runOnlyForDeploymentPostprocessing = 0;
		};
		ED40339B20676FF4006CEBE7 /* Frameworks */ = {
			isa = PBXFrameworksBuildPhase;
			buildActionMask = 2147483647;
			files = (
			);
			runOnlyForDeploymentPostprocessing = 0;
		};
/* End PBXFrameworksBuildPhase section */

/* Begin PBXGroup section */
		ED40337320676FA2006CEBE7 = {
			isa = PBXGroup;
			children = (
				ED40337E20676FBF006CEBE7 /* Life Balance */,
				ED40339620676FF0006CEBE7 /* Life BalanceTests */,
				ED4033A120676FF4006CEBE7 /* Life BalanceUITests */,
				ED40337D20676FBD006CEBE7 /* Products */,
			);
			sourceTree = "<group>";
		};
		ED40337D20676FBD006CEBE7 /* Products */ = {
			isa = PBXGroup;
			children = (
				ED40337C20676FBD006CEBE7 /* Life Balance.app */,
				ED40339320676FF0006CEBE7 /* Life BalanceTests.xctest */,
				ED40339E20676FF4006CEBE7 /* Life BalanceUITests.xctest */,
			);
			name = Products;
			sourceTree = "<group>";
		};
		ED40337E20676FBF006CEBE7 /* Life Balance */ = {
			isa = PBXGroup;
			children = (
				ED40337F20676FC4006CEBE7 /* AppDelegate.swift */,
				ED40338120676FC4006CEBE7 /* ViewController.swift */,
				ED40338320676FC6006CEBE7 /* Main.storyboard */,
				ED4033B020678767006CEBE7 /* TableViewController.swift */,
				ED40338920676FE4006CEBE7 /* Assets.xcassets */,
				ED40338B20676FE7006CEBE7 /* LaunchScreen.storyboard */,
				ED40338E20676FEC006CEBE7 /* Info.plist */,
				ED40338620676FD7006CEBE7 /* Life_Balance.xcdatamodeld */,
			);
			path = "Life Balance";
			sourceTree = "<group>";
		};
		ED40339620676FF0006CEBE7 /* Life BalanceTests */ = {
			isa = PBXGroup;
			children = (
				ED40339720676FF2006CEBE7 /* Life_BalanceTests.swift */,
				ED40339920676FF4006CEBE7 /* Info.plist */,
			);
			path = "Life BalanceTests";
			sourceTree = "<group>";
		};
		ED4033A120676FF4006CEBE7 /* Life BalanceUITests */ = {
			isa = PBXGroup;
			children = (
				ED4033A220676FF6006CEBE7 /* Life_BalanceUITests.swift */,
				ED4033A420676FF7006CEBE7 /* Info.plist */,
			);
			path = "Life BalanceUITests";
			sourceTree = "<group>";
		};
/* End PBXGroup section */

/* Begin PBXNativeTarget section */
		ED40337B20676FBA006CEBE7 /* Life Balance */ = {
			isa = PBXNativeTarget;
			buildConfigurationList = ED4033A720676FF9006CEBE7 /* Build configuration list for PBXNativeTarget "Life Balance" */;
			buildPhases = (
				ED40337820676FBA006CEBE7 /* Sources */,
				ED40337920676FBA006CEBE7 /* Frameworks */,
				ED40337A20676FBA006CEBE7 /* Resources */,
			);
			buildRules = (
			);
			dependencies = (
			);
			name = "Life Balance";
			productName = "Life Balance";
			productReference = ED40337C20676FBD006CEBE7 /* Life Balance.app */;
			productType = "com.apple.product-type.application";
		};
		ED40339220676FF0006CEBE7 /* Life BalanceTests */ = {
			isa = PBXNativeTarget;
			buildConfigurationList = ED4033AA20676FF9006CEBE7 /* Build configuration list for PBXNativeTarget "Life BalanceTests" */;
			buildPhases = (
				ED40338F20676FF0006CEBE7 /* Sources */,
				ED40339020676FF0006CEBE7 /* Frameworks */,
				ED40339120676FF0006CEBE7 /* Resources */,
			);
			buildRules = (
			);
			dependencies = (
				ED40339520676FF0006CEBE7 /* PBXTargetDependency */,
			);
			name = "Life BalanceTests";
			productName = "Life BalanceTests";
			productReference = ED40339320676FF0006CEBE7 /* Life BalanceTests.xctest */;
			productType = "com.apple.product-type.bundle.unit-test";
		};
		ED40339D20676FF4006CEBE7 /* Life BalanceUITests */ = {
			isa = PBXNativeTarget;
			buildConfigurationList = ED4033AD20676FF9006CEBE7 /* Build configuration list for PBXNativeTarget "Life BalanceUITests" */;
			buildPhases = (
				ED40339A20676FF4006CEBE7 /* Sources */,
				ED40339B20676FF4006CEBE7 /* Frameworks */,
				ED40339C20676FF4006CEBE7 /* Resources */,
			);
			buildRules = (
			);
			dependencies = (
				ED4033A020676FF4006CEBE7 /* PBXTargetDependency */,
			);
			name = "Life BalanceUITests";
			productName = "Life BalanceUITests";
			productReference = ED40339E20676FF4006CEBE7 /* Life BalanceUITests.xctest */;
			productType = "com.apple.product-type.bundle.ui-testing";
		};
/* End PBXNativeTarget section */

/* Begin PBXProject section */
		ED40337420676FA3006CEBE7 /* Project object */ = {
			isa = PBXProject;
			attributes = {
				LastSwiftUpdateCheck = 0920;
				LastUpgradeCheck = 0920;
				ORGANIZATIONNAME = organsation;
				TargetAttributes = {
					ED40337B20676FBA006CEBE7 = {
						CreatedOnToolsVersion = 9.2;
						ProvisioningStyle = Automatic;
					};
					ED40339220676FF0006CEBE7 = {
						CreatedOnToolsVersion = 9.2;
						ProvisioningStyle = Automatic;
						TestTargetID = ED40337B20676FBA006CEBE7;
					};
					ED40339D20676FF4006CEBE7 = {
						CreatedOnToolsVersion = 9.2;
						ProvisioningStyle = Automatic;
						TestTargetID = ED40337B20676FBA006CEBE7;
					};
				};
			};
			buildConfigurationList = ED40337720676FA6006CEBE7 /* Build configuration list for PBXProject "Life Balance" */;
			compatibilityVersion = "Xcode 8.0";
			developmentRegion = en;
			hasScannedForEncodings = 0;
			knownRegions = (
				en,
				Base,
			);
			mainGroup = ED40337320676FA2006CEBE7;
			productRefGroup = ED40337D20676FBD006CEBE7 /* Products */;
			projectDirPath = "";
			projectRoot = "";
			targets = (
				ED40337B20676FBA006CEBE7 /* Life Balance */,
				ED40339220676FF0006CEBE7 /* Life BalanceTests */,
				ED40339D20676FF4006CEBE7 /* Life BalanceUITests */,
			);
		};
/* End PBXProject section */

/* Begin PBXResourcesBuildPhase section */
		ED40337A20676FBA006CEBE7 /* Resources */ = {
			isa = PBXResourcesBuildPhase;
			buildActionMask = 2147483647;
			files = (
				ED40338D20676FE7006CEBE7 /* LaunchScreen.storyboard in Resources */,
				ED40338A20676FE5006CEBE7 /* Assets.xcassets in Resources */,
				ED40338520676FC6006CEBE7 /* Main.storyboard in Resources */,
			);
			runOnlyForDeploymentPostprocessing = 0;
		};
		ED40339120676FF0006CEBE7 /* Resources */ = {
			isa = PBXResourcesBuildPhase;
			buildActionMask = 2147483647;
			files = (
			);
			runOnlyForDeploymentPostprocessing = 0;
		};
		ED40339C20676FF4006CEBE7 /* Resources */ = {
			isa = PBXResourcesBuildPhase;
			buildActionMask = 2147483647;
			files = (
			);
			runOnlyForDeploymentPostprocessing = 0;
		};
/* End PBXResourcesBuildPhase section */

/* Begin PBXSourcesBuildPhase section */
		ED40337820676FBA006CEBE7 /* Sources */ = {
			isa = PBXSourcesBuildPhase;
			buildActionMask = 2147483647;
			files = (
				ED40338820676FE0006CEBE7 /* Life_Balance.xcdatamodeld in Sources */,
				ED40338220676FC5006CEBE7 /* ViewController.swift in Sources */,
				ED40338020676FC4006CEBE7 /* AppDelegate.swift in Sources */,
				ED4033B120678767006CEBE7 /* TableViewController.swift in Sources */,
			);
			runOnlyForDeploymentPostprocessing = 0;
		};
		ED40338F20676FF0006CEBE7 /* Sources */ = {
			isa = PBXSourcesBuildPhase;
			buildActionMask = 2147483647;
			files = (
				ED40339820676FF2006CEBE7 /* Life_BalanceTests.swift in Sources */,
			);
			runOnlyForDeploymentPostprocessing = 0;
		};
		ED40339A20676FF4006CEBE7 /* Sources */ = {
			isa = PBXSourcesBuildPhase;
			buildActionMask = 2147483647;
			files = (
				ED4033A320676FF6006CEBE7 /* Life_BalanceUITests.swift in Sources */,
			);
			runOnlyForDeploymentPostprocessing = 0;
		};
/* End PBXSourcesBuildPhase section */

/* Begin PBXTargetDependency section */
		ED40339520676FF0006CEBE7 /* PBXTargetDependency */ = {
			isa = PBXTargetDependency;
			target = ED40337B20676FBA006CEBE7 /* Life Balance */;
			targetProxy = ED40339420676FF0006CEBE7 /* PBXContainerItemProxy */;
		};
		ED4033A020676FF4006CEBE7 /* PBXTargetDependency */ = {
			isa = PBXTargetDependency;
			target = ED40337B20676FBA006CEBE7 /* Life Balance */;
			targetProxy = ED40339F20676FF4006CEBE7 /* PBXContainerItemProxy */;
		};
/* End PBXTargetDependency section */

/* Begin PBXVariantGroup section */
		ED40338320676FC6006CEBE7 /* Main.storyboard */ = {
			isa = PBXVariantGroup;
			children = (
				ED40338420676FC6006CEBE7 /* Base */,
			);
			name = Main.storyboard;
			sourceTree = "<group>";
		};
		ED40338B20676FE7006CEBE7 /* LaunchScreen.storyboard */ = {
			isa = PBXVariantGroup;
			children = (
				ED40338C20676FE7006CEBE7 /* Base */,
			);
			name = LaunchScreen.storyboard;
			sourceTree = "<group>";
		};
/* End PBXVariantGroup section */

/* Begin XCBuildConfiguration section */
		ED4033A520676FF8006CEBE7 /* Debug */ = {
			isa = XCBuildConfiguration;
			buildSettings = {
				ALWAYS_SEARCH_USER_PATHS = NO;
				CLANG_ANALYZER_NONNULL = YES;
				CLANG_ANALYZER_NUMBER_OBJECT_CONVERSION = YES_AGGRESSIVE;
				CLANG_CXX_LANGUAGE_STANDARD = "gnu++14";
				CLANG_CXX_LIBRARY = "libc++";
				CLANG_ENABLE_MODULES = YES;
				CLANG_ENABLE_OBJC_ARC = YES;
				CLANG_WARN_BLOCK_CAPTURE_AUTORELEASING = YES;
				CLANG_WARN_BOOL_CONVERSION = YES;
				CLANG_WARN_COMMA = YES;
				CLANG_WARN_CONSTANT_CONVERSION = YES;
				CLANG_WARN_DIRECT_OBJC_ISA_USAGE = YES_ERROR;
				CLANG_WARN_DOCUMENTATION_COMMENTS = YES;
				CLANG_WARN_EMPTY_BODY = YES;
				CLANG_WARN_ENUM_CONVERSION = YES;
				CLANG_WARN_INFINITE_RECURSION = YES;
				CLANG_WARN_INT_CONVERSION = YES;
				CLANG_WARN_NON_LITERAL_NULL_CONVERSION = YES;
				CLANG_WARN_OBJC_LITERAL_CONVERSION = YES;
				CLANG_WARN_OBJC_ROOT_CLASS = YES_ERROR;
				CLANG_WARN_RANGE_LOOP_ANALYSIS = YES;
				CLANG_WARN_STRICT_PROTOTYPES = YES;
				CLANG_WARN_SUSPICIOUS_MOVE = YES;
				CLANG_WARN_UNGUARDED_AVAILABILITY = YES_AGGRESSIVE;
				CLANG_WARN_UNREACHABLE_CODE = YES;
				CLANG_WARN__DUPLICATE_METHOD_MATCH = YES;
				CODE_SIGN_IDENTITY = "iPhone Developer";
				COPY_PHASE_STRIP = NO;
				DEBUG_INFORMATION_FORMAT = dwarf;
				ENABLE_STRICT_OBJC_MSGSEND = YES;
				ENABLE_TESTABILITY = YES;
				GCC_C_LANGUAGE_STANDARD = gnu11;
				GCC_DYNAMIC_NO_PIC = NO;
				GCC_NO_COMMON_BLOCKS = YES;
				GCC_OPTIMIZATION_LEVEL = 0;
				GCC_PREPROCESSOR_DEFINITIONS = (
					"DEBUG=1",
					"$(inherited)",
				);
				GCC_WARN_64_TO_32_BIT_CONVERSION = YES;
				GCC_WARN_ABOUT_RETURN_TYPE = YES_ERROR;
				GCC_WARN_UNDECLARED_SELECTOR = YES;
				GCC_WARN_UNINITIALIZED_AUTOS = YES_AGGRESSIVE;
				GCC_WARN_UNUSED_FUNCTION = YES;
				GCC_WARN_UNUSED_VARIABLE = YES;
				IPHONEOS_DEPLOYMENT_TARGET = 11.2;
				MTL_ENABLE_DEBUG_INFO = YES;
				ONLY_ACTIVE_ARCH = YES;
				SDKROOT = iphoneos;
				SWIFT_ACTIVE_COMPILATION_CONDITIONS = DEBUG;
				SWIFT_OPTIMIZATION_LEVEL = "-Onone";
			};
			name = Debug;
		};
		ED4033A620676FF8006CEBE7 /* Release */ = {
			isa = XCBuildConfiguration;
			buildSettings = {
				ALWAYS_SEARCH_USER_PATHS = NO;
				CLANG_ANALYZER_NONNULL = YES;
				CLANG_ANALYZER_NUMBER_OBJECT_CONVERSION = YES_AGGRESSIVE;
				CLANG_CXX_LANGUAGE_STANDARD = "gnu++14";
				CLANG_CXX_LIBRARY = "libc++";
				CLANG_ENABLE_MODULES = YES;
				CLANG_ENABLE_OBJC_ARC = YES;
				CLANG_WARN_BLOCK_CAPTURE_AUTORELEASING = YES;
				CLANG_WARN_BOOL_CONVERSION = YES;
				CLANG_WARN_COMMA = YES;
				CLANG_WARN_CONSTANT_CONVERSION = YES;
				CLANG_WARN_DIRECT_OBJC_ISA_USAGE = YES_ERROR;
				CLANG_WARN_DOCUMENTATION_COMMENTS = YES;
				CLANG_WARN_EMPTY_BODY = YES;
				CLANG_WARN_ENUM_CONVERSION = YES;
				CLANG_WARN_INFINITE_RECURSION = YES;
				CLANG_WARN_INT_CONVERSION = YES;
				CLANG_WARN_NON_LITERAL_NULL_CONVERSION = YES;
				CLANG_WARN_OBJC_LITERAL_CONVERSION = YES;
				CLANG_WARN_OBJC_ROOT_CLASS = YES_ERROR;
				CLANG_WARN_RANGE_LOOP_ANALYSIS = YES;
				CLANG_WARN_STRICT_PROTOTYPES = YES;
				CLANG_WARN_SUSPICIOUS_MOVE = YES;
				CLANG_WARN_UNGUARDED_AVAILABILITY = YES_AGGRESSIVE;
				CLANG_WARN_UNREACHABLE_CODE = YES;
				CLANG_WARN__DUPLICATE_METHOD_MATCH = YES;
				CODE_SIGN_IDENTITY = "iPhone Developer";
				COPY_PHASE_STRIP = NO;
				DEBUG_INFORMATION_FORMAT = "dwarf-with-dsym";
				ENABLE_NS_ASSERTIONS = NO;
				ENABLE_STRICT_OBJC_MSGSEND = YES;
				GCC_C_LANGUAGE_STANDARD = gnu11;
				GCC_NO_COMMON_BLOCKS = YES;
				GCC_WARN_64_TO_32_BIT_CONVERSION = YES;
				GCC_WARN_ABOUT_RETURN_TYPE = YES_ERROR;
				GCC_WARN_UNDECLARED_SELECTOR = YES;
				GCC_WARN_UNINITIALIZED_AUTOS = YES_AGGRESSIVE;
				GCC_WARN_UNUSED_FUNCTION = YES;
				GCC_WARN_UNUSED_VARIABLE = YES;
				IPHONEOS_DEPLOYMENT_TARGET = 11.2;
				MTL_ENABLE_DEBUG_INFO = NO;
				SDKROOT = iphoneos;
				SWIFT_OPTIMIZATION_LEVEL = "-Owholemodule";
				VALIDATE_PRODUCT = YES;
			};
			name = Release;
		};
		ED4033A820676FF9006CEBE7 /* Debug */ = {
			isa = XCBuildConfiguration;
			buildSettings = {
				ASSETCATALOG_COMPILER_APPICON_NAME = AppIcon;
				CODE_SIGN_STYLE = Automatic;
				INFOPLIST_FILE = "Life Balance/Info.plist";
				LD_RUNPATH_SEARCH_PATHS = "$(inherited) @executable_path/Frameworks";
				PRODUCT_BUNDLE_IDENTIFIER = "-.Life-Balance";
				PRODUCT_NAME = "$(TARGET_NAME)";
				SWIFT_VERSION = 4.0;
				TARGETED_DEVICE_FAMILY = "1,2";
			};
			name = Debug;
		};
		ED4033A920676FF9006CEBE7 /* Release */ = {
			isa = XCBuildConfiguration;
			buildSettings = {
				ASSETCATALOG_COMPILER_APPICON_NAME = AppIcon;
				CODE_SIGN_STYLE = Automatic;
				INFOPLIST_FILE = "Life Balance/Info.plist";
				LD_RUNPATH_SEARCH_PATHS = "$(inherited) @executable_path/Frameworks";
				PRODUCT_BUNDLE_IDENTIFIER = "-.Life-Balance";
				PRODUCT_NAME = "$(TARGET_NAME)";
				SWIFT_VERSION = 4.0;
				TARGETED_DEVICE_FAMILY = "1,2";
			};
			name = Release;
		};
		ED4033AB20676FF9006CEBE7 /* Debug */ = {
			isa = XCBuildConfiguration;
			buildSettings = {
				ALWAYS_EMBED_SWIFT_STANDARD_LIBRARIES = YES;
				BUNDLE_LOADER = "$(TEST_HOST)";
				CODE_SIGN_STYLE = Automatic;
				INFOPLIST_FILE = "Life BalanceTests/Info.plist";
				LD_RUNPATH_SEARCH_PATHS = "$(inherited) @executable_path/Frameworks @loader_path/Frameworks";
				PRODUCT_BUNDLE_IDENTIFIER = "-.Life-BalanceTests";
				PRODUCT_NAME = "$(TARGET_NAME)";
				SWIFT_VERSION = 4.0;
				TARGETED_DEVICE_FAMILY = "1,2";
				TEST_HOST = "$(BUILT_PRODUCTS_DIR)/Life Balance.app/Life Balance";
			};
			name = Debug;
		};
		ED4033AC20676FF9006CEBE7 /* Release */ = {
			isa = XCBuildConfiguration;
			buildSettings = {
				ALWAYS_EMBED_SWIFT_STANDARD_LIBRARIES = YES;
				BUNDLE_LOADER = "$(TEST_HOST)";
				CODE_SIGN_STYLE = Automatic;
				INFOPLIST_FILE = "Life BalanceTests/Info.plist";
				LD_RUNPATH_SEARCH_PATHS = "$(inherited) @executable_path/Frameworks @loader_path/Frameworks";
				PRODUCT_BUNDLE_IDENTIFIER = "-.Life-BalanceTests";
				PRODUCT_NAME = "$(TARGET_NAME)";
				SWIFT_VERSION = 4.0;
				TARGETED_DEVICE_FAMILY = "1,2";
				TEST_HOST = "$(BUILT_PRODUCTS_DIR)/Life Balance.app/Life Balance";
			};
			name = Release;
		};
		ED4033AE20676FF9006CEBE7 /* Debug */ = {
			isa = XCBuildConfiguration;
			buildSettings = {
				ALWAYS_EMBED_SWIFT_STANDARD_LIBRARIES = YES;
				CODE_SIGN_STYLE = Automatic;
				INFOPLIST_FILE = "Life BalanceUITests/Info.plist";
				LD_RUNPATH_SEARCH_PATHS = "$(inherited) @executable_path/Frameworks @loader_path/Frameworks";
				PRODUCT_BUNDLE_IDENTIFIER = "-.Life-BalanceUITests";
				PRODUCT_NAME = "$(TARGET_NAME)";
				SWIFT_VERSION = 4.0;
				TARGETED_DEVICE_FAMILY = "1,2";
				TEST_TARGET_NAME = "Life Balance";
			};
			name = Debug;
		};
		ED4033AF20676FF9006CEBE7 /* Release */ = {
			isa = XCBuildConfiguration;
			buildSettings = {
				ALWAYS_EMBED_SWIFT_STANDARD_LIBRARIES = YES;
				CODE_SIGN_STYLE = Automatic;
				INFOPLIST_FILE = "Life BalanceUITests/Info.plist";
				LD_RUNPATH_SEARCH_PATHS = "$(inherited) @executable_path/Frameworks @loader_path/Frameworks";
				PRODUCT_BUNDLE_IDENTIFIER = "-.Life-BalanceUITests";
				PRODUCT_NAME = "$(TARGET_NAME)";
				SWIFT_VERSION = 4.0;
				TARGETED_DEVICE_FAMILY = "1,2";
				TEST_TARGET_NAME = "Life Balance";
			};
			name = Release;
		};
/* End XCBuildConfiguration section */

/* Begin XCConfigurationList section */
		ED40337720676FA6006CEBE7 /* Build configuration list for PBXProject "Life Balance" */ = {
			isa = XCConfigurationList;
			buildConfigurations = (
				ED4033A520676FF8006CEBE7 /* Debug */,
				ED4033A620676FF8006CEBE7 /* Release */,
			);
			defaultConfigurationIsVisible = 0;
			defaultConfigurationName = Release;
		};
		ED4033A720676FF9006CEBE7 /* Build configuration list for PBXNativeTarget "Life Balance" */ = {
			isa = XCConfigurationList;
			buildConfigurations = (
				ED4033A820676FF9006CEBE7 /* Debug */,
				ED4033A920676FF9006CEBE7 /* Release */,
			);
			defaultConfigurationIsVisible = 0;
			defaultConfigurationName = Release;
		};
		ED4033AA20676FF9006CEBE7 /* Build configuration list for PBXNativeTarget "Life BalanceTests" */ = {
			isa = XCConfigurationList;
			buildConfigurations = (
				ED4033AB20676FF9006CEBE7 /* Debug */,
				ED4033AC20676FF9006CEBE7 /* Release */,
			);
			defaultConfigurationIsVisible = 0;
			defaultConfigurationName = Release;
		};
		ED4033AD20676FF9006CEBE7 /* Build configuration list for PBXNativeTarget "Life BalanceUITests" */ = {
			isa = XCConfigurationList;
			buildConfigurations = (
				ED4033AE20676FF9006CEBE7 /* Debug */,
				ED4033AF20676FF9006CEBE7 /* Release */,
			);
			defaultConfigurationIsVisible = 0;
			defaultConfigurationName = Release;
		};
/* End XCConfigurationList section */

/* Begin XCVersionGroup section */
		ED40338620676FD7006CEBE7 /* Life_Balance.xcdatamodeld */ = {
			isa = XCVersionGroup;
			children = (
				ED40338720676FD8006CEBE7 /* Life_Balance.xcdatamodel */,
			);
			currentVersion = ED40338720676FD8006CEBE7 /* Life_Balance.xcdatamodel */;
			path = Life_Balance.xcdatamodeld;
			sourceTree = "<group>";
			versionGroupType = wrapper.xcdatamodel;
		};
/* End XCVersionGroup section */
	};
	rootObject = ED40337420676FA3006CEBE7 /* Project object */;
}
